
Microsoft Visual Studio Solution File, Format Version 12.00
# Visual Studio Version 17
VisualStudioVersion = 17.13.35931.197 d17.13
MinimumVisualStudioVersion = 10.0.40219.1
Project("{FAE04EC0-301F-11D3-BF4B-00C04F79EFBC}") = "FactoryMethod", "ConsoleApp2\FactoryMethod.csproj", "{9CFCBF7F-C071-49CE-8AFB-0521F7942C33}"
EndProject
Global
	GlobalSection(SolutionConfigurationPlatforms) = preSolution
		Debug|Any CPU = Debug|Any CPU
		Release|Any CPU = Release|Any CPU
	EndGlobalSection
	GlobalSection(ProjectConfigurationPlatforms) = postSolution
		{9CFCBF7F-C071-49CE-8AFB-0521F7942C33}.Debug|Any CPU.ActiveCfg = Debug|Any CPU
		{9CFCBF7F-C071-49CE-8AFB-0521F7942C33}.Debug|Any CPU.Build.0 = Debug|Any CPU
		{9CFCBF7F-C071-49CE-8AFB-0521F7942C33}.Release|Any CPU.ActiveCfg = Release|Any CPU
		{9CFCBF7F-C071-49CE-8AFB-0521F7942C33}.Release|Any CPU.Build.0 = Release|Any CPU
	EndGlobalSection
	GlobalSection(SolutionProperties) = preSolution
		HideSolutionNode = FALSE
	EndGlobalSection
	GlobalSection(ExtensibilityGlobals) = postSolution
		SolutionGuid = {848A2EEF-A6DF-47DA-99F2-B0B2667EAEB4}
	EndGlobalSection
EndGlobal
